lockfileVersion: '9.0'

settings:
  autoInstallPeers: true
  excludeLinksFromLockfile: false

importers:

  .:
    dependencies:
      '@ludlovian/diff-object':
        specifier: github:ludlovian/diff-object
        version: https://codeload.github.com/ludlovian/diff-object/tar.gz/9ac8a74806186c2badc751f9fde6a7d31db67868
      '@preact/signals-core':
        specifier: ^1.6.0
        version: 1.6.0
      bouncer:
        specifier: github:ludlovian/bouncer
        version: https://codeload.github.com/ludlovian/bouncer/tar.gz/d6154cb3a3efa3783f36877b1eadd8599441e80e
    devDependencies:
      pixutil:
        specifier: github:ludlovian/pixutil
        version: https://codeload.github.com/ludlovian/pixutil/tar.gz/48943b90fbe02e49fb572f71e3e907854790c378

packages:

  '@ludlovian/diff-object@https://codeload.github.com/ludlovian/diff-object/tar.gz/9ac8a74806186c2badc751f9fde6a7d31db67868':
    resolution: {tarball: https://codeload.github.com/ludlovian/diff-object/tar.gz/9ac8a74806186c2badc751f9fde6a7d31db67868}
    version: 0.2.0

  '@preact/signals-core@1.6.0':
    resolution: {integrity: sha512-O/XGxwP85h1F7+ouqTMOIZ3+V1whfaV9ToIVcuyGriD4JkSD00cQo54BKdqjvBJxbenvp7ynfqRHEwI6e+NIhw==}

  bouncer@https://codeload.github.com/ludlovian/bouncer/tar.gz/d6154cb3a3efa3783f36877b1eadd8599441e80e:
    resolution: {tarball: https://codeload.github.com/ludlovian/bouncer/tar.gz/d6154cb3a3efa3783f36877b1eadd8599441e80e}
    version: 2.0.1

  dequal@2.0.3:
    resolution: {integrity: sha512-0je+qPKHEMohvfRTCEo3CrPG6cAzAYgmzKyxRiYSSDkS6eGJdyVJm7WaYA5ECaAD9wLB2T4EEeymA5aFVcYXCA==}
    engines: {node: '>=6'}

  diff@5.2.0:
    resolution: {integrity: sha512-uIFDxqpRZGZ6ThOk84hEfqWoHx2devRFvpTZcTHur85vImfaxUbTW9Ryh4CpCuDnToOP1CEtXKIgytHBPVff5A==}
    engines: {node: '>=0.3.1'}

  kleur@4.1.5:
    resolution: {integrity: sha512-o+NO+8WrRiQEE4/7nwRJhN1HWpVmJm511pBHUxPLtp0BUISzlBplORYSmTclCnJvQq2tKu/sgl3xVpkc7ZWuQQ==}
    engines: {node: '>=6'}

  mri@1.2.0:
    resolution: {integrity: sha512-tzzskb3bG8LvYGFF/mDTpq3jpI6Q9wc3LEmBaghu+DdCssd1FakN7Bc0hVNmEyGq1bq3RgfkCb3cmQLpNPOroA==}
    engines: {node: '>=4'}

  pixutil@https://codeload.github.com/ludlovian/pixutil/tar.gz/48943b90fbe02e49fb572f71e3e907854790c378:
    resolution: {tarball: https://codeload.github.com/ludlovian/pixutil/tar.gz/48943b90fbe02e49fb572f71e3e907854790c378}
    version: 1.10.0

  sade@1.8.1:
    resolution: {integrity: sha512-xal3CZX1Xlo/k4ApwCFrHVACi9fBqJ7V+mwhBsuf/1IOKbBy098Fex+Wa/5QMubw09pSZ/u8EY8PWgevJsXp1A==}
    engines: {node: '>=6'}

  timer@https://codeload.github.com/ludlovian/timer/tar.gz/22b2e247282c4275af5ff1b5dbd584c42397fdac:
    resolution: {tarball: https://codeload.github.com/ludlovian/timer/tar.gz/22b2e247282c4275af5ff1b5dbd584c42397fdac}
    version: 2.0.2

  uvu@0.5.6:
    resolution: {integrity: sha512-+g8ENReyr8YsOc6fv/NVJs2vFdHBnBNdfE49rshrTzDWOlUx4Gq7KOS2GD8eqhy2j+Ejq29+SbKH8yjkAqXqoA==}
    engines: {node: '>=8'}
    hasBin: true

snapshots:

  '@ludlovian/diff-object@https://codeload.github.com/ludlovian/diff-object/tar.gz/9ac8a74806186c2badc751f9fde6a7d31db67868':
    dependencies:
      pixutil: https://codeload.github.com/ludlovian/pixutil/tar.gz/48943b90fbe02e49fb572f71e3e907854790c378
      uvu: 0.5.6

  '@preact/signals-core@1.6.0': {}

  bouncer@https://codeload.github.com/ludlovian/bouncer/tar.gz/d6154cb3a3efa3783f36877b1eadd8599441e80e:
    dependencies:
      timer: https://codeload.github.com/ludlovian/timer/tar.gz/22b2e247282c4275af5ff1b5dbd584c42397fdac

  dequal@2.0.3: {}

  diff@5.2.0: {}

  kleur@4.1.5: {}

  mri@1.2.0: {}

  pixutil@https://codeload.github.com/ludlovian/pixutil/tar.gz/48943b90fbe02e49fb572f71e3e907854790c378: {}

  sade@1.8.1:
    dependencies:
      mri: 1.2.0

  timer@https://codeload.github.com/ludlovian/timer/tar.gz/22b2e247282c4275af5ff1b5dbd584c42397fdac: {}

  uvu@0.5.6:
    dependencies:
      dequal: 2.0.3
      diff: 5.2.0
      kleur: 4.1.5
      sade: 1.8.1
