lockfileVersion: '9.0'

settings:
  autoInstallPeers: true
  excludeLinksFromLockfile: false

importers:

  .:
    dependencies:
      '@ludlovian/bouncer':
        specifier: github:ludlovian/bouncer
        version: https://codeload.github.com/ludlovian/bouncer/tar.gz/36674b0b80b72af50798aa3a7702d67e7e104ae9
      '@ludlovian/clone':
        specifier: github:ludlovian/clone
        version: https://codeload.github.com/ludlovian/clone/tar.gz/21e43fac111069bce2efebb7cf2d42cde2b743b7
      '@ludlovian/diff-object':
        specifier: github:ludlovian/diff-object
        version: https://codeload.github.com/ludlovian/diff-object/tar.gz/9ac8a74806186c2badc751f9fde6a7d31db67868
    devDependencies:
      '@preact/signals-core':
        specifier: ^1.6.0
        version: 1.6.0

packages:

  '@ludlovian/bouncer@https://codeload.github.com/ludlovian/bouncer/tar.gz/36674b0b80b72af50798aa3a7702d67e7e104ae9':
    resolution: {tarball: https://codeload.github.com/ludlovian/bouncer/tar.gz/36674b0b80b72af50798aa3a7702d67e7e104ae9}
    version: 2.1.0

  '@ludlovian/clone@https://codeload.github.com/ludlovian/clone/tar.gz/21e43fac111069bce2efebb7cf2d42cde2b743b7':
    resolution: {tarball: https://codeload.github.com/ludlovian/clone/tar.gz/21e43fac111069bce2efebb7cf2d42cde2b743b7}
    version: 0.1.0

  '@ludlovian/diff-object@https://codeload.github.com/ludlovian/diff-object/tar.gz/9ac8a74806186c2badc751f9fde6a7d31db67868':
    resolution: {tarball: https://codeload.github.com/ludlovian/diff-object/tar.gz/9ac8a74806186c2badc751f9fde6a7d31db67868}
    version: 0.2.0

  '@ludlovian/timer@https://codeload.github.com/ludlovian/timer/tar.gz/f5c021e191d528db5e573a07c358477c1ff5f80f':
    resolution: {tarball: https://codeload.github.com/ludlovian/timer/tar.gz/f5c021e191d528db5e573a07c358477c1ff5f80f}
    version: 3.0.0

  '@preact/signals-core@1.6.0':
    resolution: {integrity: sha512-O/XGxwP85h1F7+ouqTMOIZ3+V1whfaV9ToIVcuyGriD4JkSD00cQo54BKdqjvBJxbenvp7ynfqRHEwI6e+NIhw==}

  dequal@2.0.3:
    resolution: {integrity: sha512-0je+qPKHEMohvfRTCEo3CrPG6cAzAYgmzKyxRiYSSDkS6eGJdyVJm7WaYA5ECaAD9wLB2T4EEeymA5aFVcYXCA==}
    engines: {node: '>=6'}

  diff@5.2.0:
    resolution: {integrity: sha512-uIFDxqpRZGZ6ThOk84hEfqWoHx2devRFvpTZcTHur85vImfaxUbTW9Ryh4CpCuDnToOP1CEtXKIgytHBPVff5A==}
    engines: {node: '>=0.3.1'}

  kleur@4.1.5:
    resolution: {integrity: sha512-o+NO+8WrRiQEE4/7nwRJhN1HWpVmJm511pBHUxPLtp0BUISzlBplORYSmTclCnJvQq2tKu/sgl3xVpkc7ZWuQQ==}
    engines: {node: '>=6'}

  mri@1.2.0:
    resolution: {integrity: sha512-tzzskb3bG8LvYGFF/mDTpq3jpI6Q9wc3LEmBaghu+DdCssd1FakN7Bc0hVNmEyGq1bq3RgfkCb3cmQLpNPOroA==}
    engines: {node: '>=4'}

  pixutil@https://codeload.github.com/ludlovian/pixutil/tar.gz/016ab644da877cfc6c169f3320d40d7f7b079dc4:
    resolution: {tarball: https://codeload.github.com/ludlovian/pixutil/tar.gz/016ab644da877cfc6c169f3320d40d7f7b079dc4}
    version: 1.10.1

  sade@1.8.1:
    resolution: {integrity: sha512-xal3CZX1Xlo/k4ApwCFrHVACi9fBqJ7V+mwhBsuf/1IOKbBy098Fex+Wa/5QMubw09pSZ/u8EY8PWgevJsXp1A==}
    engines: {node: '>=6'}

  uvu@0.5.6:
    resolution: {integrity: sha512-+g8ENReyr8YsOc6fv/NVJs2vFdHBnBNdfE49rshrTzDWOlUx4Gq7KOS2GD8eqhy2j+Ejq29+SbKH8yjkAqXqoA==}
    engines: {node: '>=8'}
    hasBin: true

snapshots:

  '@ludlovian/bouncer@https://codeload.github.com/ludlovian/bouncer/tar.gz/36674b0b80b72af50798aa3a7702d67e7e104ae9':
    dependencies:
      '@ludlovian/timer': https://codeload.github.com/ludlovian/timer/tar.gz/f5c021e191d528db5e573a07c358477c1ff5f80f

  '@ludlovian/clone@https://codeload.github.com/ludlovian/clone/tar.gz/21e43fac111069bce2efebb7cf2d42cde2b743b7': {}

  '@ludlovian/diff-object@https://codeload.github.com/ludlovian/diff-object/tar.gz/9ac8a74806186c2badc751f9fde6a7d31db67868':
    dependencies:
      pixutil: https://codeload.github.com/ludlovian/pixutil/tar.gz/016ab644da877cfc6c169f3320d40d7f7b079dc4
      uvu: 0.5.6

  '@ludlovian/timer@https://codeload.github.com/ludlovian/timer/tar.gz/f5c021e191d528db5e573a07c358477c1ff5f80f': {}

  '@preact/signals-core@1.6.0': {}

  dequal@2.0.3: {}

  diff@5.2.0: {}

  kleur@4.1.5: {}

  mri@1.2.0: {}

  pixutil@https://codeload.github.com/ludlovian/pixutil/tar.gz/016ab644da877cfc6c169f3320d40d7f7b079dc4: {}

  sade@1.8.1:
    dependencies:
      mri: 1.2.0

  uvu@0.5.6:
    dependencies:
      dequal: 2.0.3
      diff: 5.2.0
      kleur: 4.1.5
      sade: 1.8.1
